
Microsoft Visual Studio Solution File, Format Version 12.00
# Visual Studio Version 16
VisualStudioVersion = 16.0.31112.23
MinimumVisualStudioVersion = 10.0.40219.1
Project("{FAE04EC0-301F-11D3-BF4B-00C04F79EFBC}") = "animalPairs.Android", "animalPairs\animalPairs.Android\animalPairs.Android.csproj", "{791724B8-9709-4278-BB0D-79D31BBE6932}"
EndProject
Project("{FAE04EC0-301F-11D3-BF4B-00C04F79EFBC}") = "animalPairs.iOS", "animalPairs\animalPairs.iOS\animalPairs.iOS.csproj", "{4CCADAA1-0EAE-47EE-9778-A7CB998AF111}"
EndProject
Project("{FAE04EC0-301F-11D3-BF4B-00C04F79EFBC}") = "animalPairs", "animalPairs\animalPairs\animalPairs.csproj", "{F13DA31A-AF33-4F1E-A034-DC1039E22E9B}"
EndProject
Global
	GlobalSection(SolutionConfigurationPlatforms) = preSolution
		Debug|Any CPU = Debug|Any CPU
		Debug|iPhone = Debug|iPhone
		Debug|iPhoneSimulator = Debug|iPhoneSimulator
		Release|Any CPU = Release|Any CPU
		Release|iPhone = Release|iPhone
		Release|iPhoneSimulator = Release|iPhoneSimulator
	EndGlobalSection
	GlobalSection(ProjectConfigurationPlatforms) = postSolution
		{791724B8-9709-4278-BB0D-79D31BBE6932}.Debug|Any CPU.ActiveCfg = Debug|Any CPU
		{791724B8-9709-4278-BB0D-79D31BBE6932}.Debug|Any CPU.Build.0 = Debug|Any CPU
		{791724B8-9709-4278-BB0D-79D31BBE6932}.Debug|Any CPU.Deploy.0 = Debug|Any CPU
		{791724B8-9709-4278-BB0D-79D31BBE6932}.Debug|iPhone.ActiveCfg = Debug|Any CPU
		{791724B8-9709-4278-BB0D-79D31BBE6932}.Debug|iPhone.Build.0 = Debug|Any CPU
		{791724B8-9709-4278-BB0D-79D31BBE6932}.Debug|iPhone.Deploy.0 = Debug|Any CPU
		{791724B8-9709-4278-BB0D-79D31BBE6932}.Debug|iPhoneSimulator.ActiveCfg = Debug|Any CPU
		{791724B8-9709-4278-BB0D-79D31BBE6932}.Debug|iPhoneSimulator.Build.0 = Debug|Any CPU
		{791724B8-9709-4278-BB0D-79D31BBE6932}.Debug|iPhoneSimulator.Deploy.0 = Debug|Any CPU
		{791724B8-9709-4278-BB0D-79D31BBE6932}.Release|Any CPU.ActiveCfg = Release|Any CPU
		{791724B8-9709-4278-BB0D-79D31BBE6932}.Release|Any CPU.Build.0 = Release|Any CPU
		{791724B8-9709-4278-BB0D-79D31BBE6932}.Release|Any CPU.Deploy.0 = Release|Any CPU
		{791724B8-9709-4278-BB0D-79D31BBE6932}.Release|iPhone.ActiveCfg = Release|Any CPU
		{791724B8-9709-4278-BB0D-79D31BBE6932}.Release|iPhone.Build.0 = Release|Any CPU
		{791724B8-9709-4278-BB0D-79D31BBE6932}.Release|iPhone.Deploy.0 = Release|Any CPU
		{791724B8-9709-4278-BB0D-79D31BBE6932}.Release|iPhoneSimulator.ActiveCfg = Release|Any CPU
		{791724B8-9709-4278-BB0D-79D31BBE6932}.Release|iPhoneSimulator.Build.0 = Release|Any CPU
		{791724B8-9709-4278-BB0D-79D31BBE6932}.Release|iPhoneSimulator.Deploy.0 = Release|Any CPU
		{4CCADAA1-0EAE-47EE-9778-A7CB998AF111}.Debug|Any CPU.ActiveCfg = Debug|iPhone
		{4CCADAA1-0EAE-47EE-9778-A7CB998AF111}.Debug|Any CPU.Build.0 = Debug|iPhone
		{4CCADAA1-0EAE-47EE-9778-A7CB998AF111}.Debug|Any CPU.Deploy.0 = Debug|iPhone
		{4CCADAA1-0EAE-47EE-9778-A7CB998AF111}.Debug|iPhone.ActiveCfg = Debug|iPhone
		{4CCADAA1-0EAE-47EE-9778-A7CB998AF111}.Debug|iPhone.Build.0 = Debug|iPhone
		{4CCADAA1-0EAE-47EE-9778-A7CB998AF111}.Debug|iPhone.Deploy.0 = Debug|iPhone
		{4CCADAA1-0EAE-47EE-9778-A7CB998AF111}.Debug|iPhoneSimulator.ActiveCfg = Debug|iPhoneSimulator
		{4CCADAA1-0EAE-47EE-9778-A7CB998AF111}.Debug|iPhoneSimulator.Build.0 = Debug|iPhoneSimulator
		{4CCADAA1-0EAE-47EE-9778-A7CB998AF111}.Debug|iPhoneSimulator.Deploy.0 = Debug|iPhoneSimulator
		{4CCADAA1-0EAE-47EE-9778-A7CB998AF111}.Release|Any CPU.ActiveCfg = Release|iPhoneSimulator
		{4CCADAA1-0EAE-47EE-9778-A7CB998AF111}.Release|Any CPU.Build.0 = Release|iPhoneSimulator
		{4CCADAA1-0EAE-47EE-9778-A7CB998AF111}.Release|Any CPU.Deploy.0 = Release|iPhoneSimulator
		{4CCADAA1-0EAE-47EE-9778-A7CB998AF111}.Release|iPhone.ActiveCfg = Release|iPhone
		{4CCADAA1-0EAE-47EE-9778-A7CB998AF111}.Release|iPhone.Build.0 = Release|iPhone
		{4CCADAA1-0EAE-47EE-9778-A7CB998AF111}.Release|iPhone.Deploy.0 = Release|iPhone
		{4CCADAA1-0EAE-47EE-9778-A7CB998AF111}.Release|iPhoneSimulator.ActiveCfg = Release|iPhoneSimulator
		{4CCADAA1-0EAE-47EE-9778-A7CB998AF111}.Release|iPhoneSimulator.Build.0 = Release|iPhoneSimulator
		{4CCADAA1-0EAE-47EE-9778-A7CB998AF111}.Release|iPhoneSimulator.Deploy.0 = Release|iPhoneSimulator
		{F13DA31A-AF33-4F1E-A034-DC1039E22E9B}.Debug|Any CPU.ActiveCfg = Debug|Any CPU
		{F13DA31A-AF33-4F1E-A034-DC1039E22E9B}.Debug|Any CPU.Build.0 = Debug|Any CPU
		{F13DA31A-AF33-4F1E-A034-DC1039E22E9B}.Debug|Any CPU.Deploy.0 = Debug|Any CPU
		{F13DA31A-AF33-4F1E-A034-DC1039E22E9B}.Debug|iPhone.ActiveCfg = Debug|Any CPU
		{F13DA31A-AF33-4F1E-A034-DC1039E22E9B}.Debug|iPhone.Build.0 = Debug|Any CPU
		{F13DA31A-AF33-4F1E-A034-DC1039E22E9B}.Debug|iPhone.Deploy.0 = Debug|Any CPU
		{F13DA31A-AF33-4F1E-A034-DC1039E22E9B}.Debug|iPhoneSimulator.ActiveCfg = Debug|Any CPU
		{F13DA31A-AF33-4F1E-A034-DC1039E22E9B}.Debug|iPhoneSimulator.Build.0 = Debug|Any CPU
		{F13DA31A-AF33-4F1E-A034-DC1039E22E9B}.Debug|iPhoneSimulator.Deploy.0 = Debug|Any CPU
		{F13DA31A-AF33-4F1E-A034-DC1039E22E9B}.Release|Any CPU.ActiveCfg = Release|Any CPU
		{F13DA31A-AF33-4F1E-A034-DC1039E22E9B}.Release|Any CPU.Build.0 = Release|Any CPU
		{F13DA31A-AF33-4F1E-A034-DC1039E22E9B}.Release|Any CPU.Deploy.0 = Release|Any CPU
		{F13DA31A-AF33-4F1E-A034-DC1039E22E9B}.Release|iPhone.ActiveCfg = Release|Any CPU
		{F13DA31A-AF33-4F1E-A034-DC1039E22E9B}.Release|iPhone.Build.0 = Release|Any CPU
		{F13DA31A-AF33-4F1E-A034-DC1039E22E9B}.Release|iPhone.Deploy.0 = Release|Any CPU
		{F13DA31A-AF33-4F1E-A034-DC1039E22E9B}.Release|iPhoneSimulator.ActiveCfg = Release|Any CPU
		{F13DA31A-AF33-4F1E-A034-DC1039E22E9B}.Release|iPhoneSimulator.Build.0 = Release|Any CPU
		{F13DA31A-AF33-4F1E-A034-DC1039E22E9B}.Release|iPhoneSimulator.Deploy.0 = Release|Any CPU
	EndGlobalSection
	GlobalSection(SolutionProperties) = preSolution
		HideSolutionNode = FALSE
	EndGlobalSection
	GlobalSection(ExtensibilityGlobals) = postSolution
		SolutionGuid = {3D228938-6D3B-405E-ABE0-D3774139C804}
	EndGlobalSection
EndGlobal
